
Microsoft Visual Studio Solution File, Format Version 12.00
# Visual Studio Version 17
VisualStudioVersion = 17.12.35707.178
MinimumVisualStudioVersion = 10.0.40219.1
Project("{FAE04EC0-301F-11D3-BF4B-00C04F79EFBC}") = "Ara3D.BimOpenSchema", "Ara3D.BimOpenSchema\Ara3D.BimOpenSchema.csproj", "{BFF3E297-35F0-42E2-BEAA-8D8A31DCCDD3}"
EndProject
Project("{FAE04EC0-301F-11D3-BF4B-00C04F79EFBC}") = "Ara3D.BimOpenSchema.IO", "Ara3D.BimOpenSchema.IO\Ara3D.BimOpenSchema.IO.csproj", "{D593989D-6B0B-439F-B3BB-85F3B01922B7}"
EndProject
Project("{FAE04EC0-301F-11D3-BF4B-00C04F79EFBC}") = "Ara3D.BimOpenSchema.Browser", "Ara3D.BimOpenSchema.Browser\Ara3D.BimOpenSchema.Browser.csproj", "{A96C3B87-7BC6-435F-93A5-34F982D67FA6}"
EndProject
Project("{FAE04EC0-301F-11D3-BF4B-00C04F79EFBC}") = "Ara3D.BimOpenSchema.Tests", "Ara3D.BimOpenSchema.Tests\Ara3D.BimOpenSchema.Tests.csproj", "{93ABD688-132C-4572-8E22-73C2FD3ED7DA}"
EndProject
Project("{FAE04EC0-301F-11D3-BF4B-00C04F79EFBC}") = "Ara3D.BIMOpenSchema.Revit2025", "Ara3D.BIMOpenSchema.Revit2025\Ara3D.BIMOpenSchema.Revit2025.csproj", "{8B38498D-8EA6-CAC1-75DE-0A30B68E592C}"
EndProject
Global
	GlobalSection(SolutionConfigurationPlatforms) = preSolution
		Debug|Any CPU = Debug|Any CPU
		Release|Any CPU = Release|Any CPU
	EndGlobalSection
	GlobalSection(ProjectConfigurationPlatforms) = postSolution
		{BFF3E297-35F0-42E2-BEAA-8D8A31DCCDD3}.Debug|Any CPU.ActiveCfg = Debug|Any CPU
		{BFF3E297-35F0-42E2-BEAA-8D8A31DCCDD3}.Debug|Any CPU.Build.0 = Debug|Any CPU
		{BFF3E297-35F0-42E2-BEAA-8D8A31DCCDD3}.Release|Any CPU.ActiveCfg = Release|Any CPU
		{BFF3E297-35F0-42E2-BEAA-8D8A31DCCDD3}.Release|Any CPU.Build.0 = Release|Any CPU
		{D593989D-6B0B-439F-B3BB-85F3B01922B7}.Debug|Any CPU.ActiveCfg = Debug|Any CPU
		{D593989D-6B0B-439F-B3BB-85F3B01922B7}.Debug|Any CPU.Build.0 = Debug|Any CPU
		{D593989D-6B0B-439F-B3BB-85F3B01922B7}.Release|Any CPU.ActiveCfg = Release|Any CPU
		{D593989D-6B0B-439F-B3BB-85F3B01922B7}.Release|Any CPU.Build.0 = Release|Any CPU
		{A96C3B87-7BC6-435F-93A5-34F982D67FA6}.Debug|Any CPU.ActiveCfg = Debug|Any CPU
		{A96C3B87-7BC6-435F-93A5-34F982D67FA6}.Debug|Any CPU.Build.0 = Debug|Any CPU
		{A96C3B87-7BC6-435F-93A5-34F982D67FA6}.Release|Any CPU.ActiveCfg = Release|Any CPU
		{A96C3B87-7BC6-435F-93A5-34F982D67FA6}.Release|Any CPU.Build.0 = Release|Any CPU
		{93ABD688-132C-4572-8E22-73C2FD3ED7DA}.Debug|Any CPU.ActiveCfg = Debug|Any CPU
		{93ABD688-132C-4572-8E22-73C2FD3ED7DA}.Debug|Any CPU.Build.0 = Debug|Any CPU
		{93ABD688-132C-4572-8E22-73C2FD3ED7DA}.Release|Any CPU.ActiveCfg = Release|Any CPU
		{93ABD688-132C-4572-8E22-73C2FD3ED7DA}.Release|Any CPU.Build.0 = Release|Any CPU
		{8B38498D-8EA6-CAC1-75DE-0A30B68E592C}.Debug|Any CPU.ActiveCfg = Debug|Any CPU
		{8B38498D-8EA6-CAC1-75DE-0A30B68E592C}.Debug|Any CPU.Build.0 = Debug|Any CPU
		{8B38498D-8EA6-CAC1-75DE-0A30B68E592C}.Release|Any CPU.ActiveCfg = Release|Any CPU
		{8B38498D-8EA6-CAC1-75DE-0A30B68E592C}.Release|Any CPU.Build.0 = Release|Any CPU
	EndGlobalSection
	GlobalSection(SolutionProperties) = preSolution
		HideSolutionNode = FALSE
	EndGlobalSection
EndGlobal
